
Microsoft Visual Studio Solution File, Format Version 12.00
# Visual Studio Version 16
VisualStudioVersion = 16.0.31729.503
MinimumVisualStudioVersion = 10.0.40219.1
Project("{159641D6-6404-4A2A-AE62-294DE0FE8301}") = "AzureETL_MyPlans", "AzureETL_MyPlans\AzureETL_MyPlans.dtproj", "{1AFCCA46-2C22-4DEB-9E2F-583C7A442E78}"
EndProject
Project("{2150E333-8FDC-42A3-9474-1A3956D46DE8}") = "TPA_Migration_Scripts", "TPA_Migration_Scripts", "{73CFD643-F793-4095-BE6E-D355A800F92E}"
	ProjectSection(SolutionItems) = preProject
		..\..\..\..\..\TPA_MigrationScripts\ActiveClient_ClientAltIDNum1_Update.sql = ..\..\..\..\..\TPA_MigrationScripts\ActiveClient_ClientAltIDNum1_Update.sql
		..\..\..\..\..\TPA_MigrationScripts\BYWHO_CLIENT.sql = ..\..\..\..\..\TPA_MigrationScripts\BYWHO_CLIENT.sql
		..\..\..\..\..\TPA_MigrationScripts\Create_Child_TempTables.sql = ..\..\..\..\..\TPA_MigrationScripts\Create_Child_TempTables.sql
		..\..\..\..\..\TPA_MigrationScripts\Create_LogTable.sql = ..\..\..\..\..\TPA_MigrationScripts\Create_LogTable.sql
		..\..\..\..\..\TPA_MigrationScripts\Create_Parent_TempTables.sql = ..\..\..\..\..\TPA_MigrationScripts\Create_Parent_TempTables.sql
		..\..\..\..\..\TPA_MigrationScripts\Create_UserID_Mapping.sql = ..\..\..\..\..\TPA_MigrationScripts\Create_UserID_Mapping.sql
		..\..\..\..\..\TPA_MigrationScripts\InActiveClient_ClientAltIDNum1_Update.sql = ..\..\..\..\..\TPA_MigrationScripts\InActiveClient_ClientAltIDNum1_Update.sql
		..\..\..\..\..\TPA_MigrationScripts\Select_ONLY_ActiveClient_MyPlansData.sql = ..\..\..\..\..\TPA_MigrationScripts\Select_ONLY_ActiveClient_MyPlansData.sql
		..\..\..\..\..\TPA_MigrationScripts\Update_Parent_ByWho.sql = ..\..\..\..\..\TPA_MigrationScripts\Update_Parent_ByWho.sql
	EndProjectSection
EndProject
Project("{2150E333-8FDC-42A3-9474-1A3956D46DE8}") = "Parent_MigrationScripts", "Parent_MigrationScripts", "{6B27575B-22AA-426B-B5F9-7CEA76A4073F}"
	ProjectSection(SolutionItems) = preProject
		..\..\..\..\..\TPA_MigrationScripts\Parent_MigrationScripts\ACA_Type.sql = ..\..\..\..\..\TPA_MigrationScripts\Parent_MigrationScripts\ACA_Type.sql
		..\..\..\..\..\TPA_MigrationScripts\Parent_MigrationScripts\AccruedBenefit_Type.sql = ..\..\..\..\..\TPA_MigrationScripts\Parent_MigrationScripts\AccruedBenefit_Type.sql
		..\..\..\..\..\TPA_MigrationScripts\Parent_MigrationScripts\ActivityType.sql = ..\..\..\..\..\TPA_MigrationScripts\Parent_MigrationScripts\ActivityType.sql
		..\..\..\..\..\TPA_MigrationScripts\Parent_MigrationScripts\AgeRequirement_Lib.sql = ..\..\..\..\..\TPA_MigrationScripts\Parent_MigrationScripts\AgeRequirement_Lib.sql
		..\..\..\..\..\TPA_MigrationScripts\Parent_MigrationScripts\AmendingTypeLib.sql = ..\..\..\..\..\TPA_MigrationScripts\Parent_MigrationScripts\AmendingTypeLib.sql
		..\..\..\..\..\TPA_MigrationScripts\Parent_MigrationScripts\AnnualLoanMaintFee_Lib.sql = ..\..\..\..\..\TPA_MigrationScripts\Parent_MigrationScripts\AnnualLoanMaintFee_Lib.sql
		..\..\..\..\..\TPA_MigrationScripts\Parent_MigrationScripts\AutoRolloverProvider_Lib.sql = ..\..\..\..\..\TPA_MigrationScripts\Parent_MigrationScripts\AutoRolloverProvider_Lib.sql
		..\..\..\..\..\TPA_MigrationScripts\Parent_MigrationScripts\AvgMonthlyCompensationFrom_Type.sql = ..\..\..\..\..\TPA_MigrationScripts\Parent_MigrationScripts\AvgMonthlyCompensationFrom_Type.sql
		..\..\..\..\..\TPA_MigrationScripts\Parent_MigrationScripts\Billing_Type.sql = ..\..\..\..\..\TPA_MigrationScripts\Parent_MigrationScripts\Billing_Type.sql
		..\..\..\..\..\TPA_MigrationScripts\Parent_MigrationScripts\BondingCo_Lib.sql = ..\..\..\..\..\TPA_MigrationScripts\Parent_MigrationScripts\BondingCo_Lib.sql
		..\..\..\..\..\TPA_MigrationScripts\Parent_MigrationScripts\Builder_Group.sql = ..\..\..\..\..\TPA_MigrationScripts\Parent_MigrationScripts\Builder_Group.sql
		..\..\..\..\..\TPA_MigrationScripts\Parent_MigrationScripts\ClientToDoSectionLib.sql = ..\..\..\..\..\TPA_MigrationScripts\Parent_MigrationScripts\ClientToDoSectionLib.sql
		..\..\..\..\..\TPA_MigrationScripts\Parent_MigrationScripts\ComputationMethod_Lib.sql = ..\..\..\..\..\TPA_MigrationScripts\Parent_MigrationScripts\ComputationMethod_Lib.sql
		..\..\..\..\..\TPA_MigrationScripts\Parent_MigrationScripts\ComputationPeriod_Lib.sql = ..\..\..\..\..\TPA_MigrationScripts\Parent_MigrationScripts\ComputationPeriod_Lib.sql
		..\..\..\..\..\TPA_MigrationScripts\Parent_MigrationScripts\ConsideredCompensationType.sql = ..\..\..\..\..\TPA_MigrationScripts\Parent_MigrationScripts\ConsideredCompensationType.sql
		..\..\..\..\..\TPA_MigrationScripts\Parent_MigrationScripts\DefinedCompensationType.sql = ..\..\..\..\..\TPA_MigrationScripts\Parent_MigrationScripts\DefinedCompensationType.sql
		..\..\..\..\..\TPA_MigrationScripts\Parent_MigrationScripts\DeliverTo_Lib.sql = ..\..\..\..\..\TPA_MigrationScripts\Parent_MigrationScripts\DeliverTo_Lib.sql
		..\..\..\..\..\TPA_MigrationScripts\Parent_MigrationScripts\DeliveryModeLib.sql = ..\..\..\..\..\TPA_MigrationScripts\Parent_MigrationScripts\DeliveryModeLib.sql
		..\..\..\..\..\TPA_MigrationScripts\Parent_MigrationScripts\DistDeliveryMethod_Lib.sql = ..\..\..\..\..\TPA_MigrationScripts\Parent_MigrationScripts\DistDeliveryMethod_Lib.sql
		..\..\..\..\..\TPA_MigrationScripts\Parent_MigrationScripts\DistFeeAmounts_Lib.sql = ..\..\..\..\..\TPA_MigrationScripts\Parent_MigrationScripts\DistFeeAmounts_Lib.sql
		..\..\..\..\..\TPA_MigrationScripts\Parent_MigrationScripts\DistribServiceOptionsType.sql = ..\..\..\..\..\TPA_MigrationScripts\Parent_MigrationScripts\DistribServiceOptionsType.sql
		..\..\..\..\..\TPA_MigrationScripts\Parent_MigrationScripts\DistributionCharge.sql = ..\..\..\..\..\TPA_MigrationScripts\Parent_MigrationScripts\DistributionCharge.sql
		..\..\..\..\..\TPA_MigrationScripts\Parent_MigrationScripts\DistributionPayableToWhom_Lib.sql = ..\..\..\..\..\TPA_MigrationScripts\Parent_MigrationScripts\DistributionPayableToWhom_Lib.sql
		..\..\..\..\..\TPA_MigrationScripts\Parent_MigrationScripts\DistributionTiming_Lib.sql = ..\..\..\..\..\TPA_MigrationScripts\Parent_MigrationScripts\DistributionTiming_Lib.sql
		..\..\..\..\..\TPA_MigrationScripts\Parent_MigrationScripts\DistributionType_Lib.sql = ..\..\..\..\..\TPA_MigrationScripts\Parent_MigrationScripts\DistributionType_Lib.sql
		..\..\..\..\..\TPA_MigrationScripts\Parent_MigrationScripts\DistSourcesAllowed_Lib.sql = ..\..\..\..\..\TPA_MigrationScripts\Parent_MigrationScripts\DistSourcesAllowed_Lib.sql
		..\..\..\..\..\TPA_MigrationScripts\Parent_MigrationScripts\DistTaxCode1099_Lib.sql = ..\..\..\..\..\TPA_MigrationScripts\Parent_MigrationScripts\DistTaxCode1099_Lib.sql
		..\..\..\..\..\TPA_MigrationScripts\Parent_MigrationScripts\Doc_Types.sql = ..\..\..\..\..\TPA_MigrationScripts\Parent_MigrationScripts\Doc_Types.sql
		..\..\..\..\..\TPA_MigrationScripts\Parent_MigrationScripts\DocumentWorkLib.sql = ..\..\..\..\..\TPA_MigrationScripts\Parent_MigrationScripts\DocumentWorkLib.sql
		..\..\..\..\..\TPA_MigrationScripts\Parent_MigrationScripts\EarningsAllocationType.sql = ..\..\..\..\..\TPA_MigrationScripts\Parent_MigrationScripts\EarningsAllocationType.sql
		..\..\..\..\..\TPA_MigrationScripts\Parent_MigrationScripts\Egtrra_Group.sql = ..\..\..\..\..\TPA_MigrationScripts\Parent_MigrationScripts\Egtrra_Group.sql
		..\..\..\..\..\TPA_MigrationScripts\Parent_MigrationScripts\ElementDataTypes.sql = ..\..\..\..\..\TPA_MigrationScripts\Parent_MigrationScripts\ElementDataTypes.sql
		..\..\..\..\..\TPA_MigrationScripts\Parent_MigrationScripts\EntryDate_Type.sql = ..\..\..\..\..\TPA_MigrationScripts\Parent_MigrationScripts\EntryDate_Type.sql
		..\..\..\..\..\TPA_MigrationScripts\Parent_MigrationScripts\EntryDateNear_Type.sql = ..\..\..\..\..\TPA_MigrationScripts\Parent_MigrationScripts\EntryDateNear_Type.sql
		..\..\..\..\..\TPA_MigrationScripts\Parent_MigrationScripts\EntryDateUM_Type.sql = ..\..\..\..\..\TPA_MigrationScripts\Parent_MigrationScripts\EntryDateUM_Type.sql
		..\..\..\..\..\TPA_MigrationScripts\Parent_MigrationScripts\FormsToBeUsed_Lib.sql = ..\..\..\..\..\TPA_MigrationScripts\Parent_MigrationScripts\FormsToBeUsed_Lib.sql
		..\..\..\..\..\TPA_MigrationScripts\Parent_MigrationScripts\HarshipNotes_Lib.sql = ..\..\..\..\..\TPA_MigrationScripts\Parent_MigrationScripts\HarshipNotes_Lib.sql
		..\..\..\..\..\TPA_MigrationScripts\Parent_MigrationScripts\InServiceNotes_Lib.sql = ..\..\..\..\..\TPA_MigrationScripts\Parent_MigrationScripts\InServiceNotes_Lib.sql
		..\..\..\..\..\TPA_MigrationScripts\Parent_MigrationScripts\InterestRate_Lib.sql = ..\..\..\..\..\TPA_MigrationScripts\Parent_MigrationScripts\InterestRate_Lib.sql
		..\..\..\..\..\TPA_MigrationScripts\Parent_MigrationScripts\InterestRateType.sql = ..\..\..\..\..\TPA_MigrationScripts\Parent_MigrationScripts\InterestRateType.sql
		..\..\..\..\..\TPA_MigrationScripts\Parent_MigrationScripts\InvestmentPlatforms_Lib.sql = ..\..\..\..\..\TPA_MigrationScripts\Parent_MigrationScripts\InvestmentPlatforms_Lib.sql
		..\..\..\..\..\TPA_MigrationScripts\Parent_MigrationScripts\InvoiceMethod_Lib.sql = ..\..\..\..\..\TPA_MigrationScripts\Parent_MigrationScripts\InvoiceMethod_Lib.sql
		..\..\..\..\..\TPA_MigrationScripts\Parent_MigrationScripts\LoanCharge.sql = ..\..\..\..\..\TPA_MigrationScripts\Parent_MigrationScripts\LoanCharge.sql
		..\..\..\..\..\TPA_MigrationScripts\Parent_MigrationScripts\LoanFee_Lib.sql = ..\..\..\..\..\TPA_MigrationScripts\Parent_MigrationScripts\LoanFee_Lib.sql
		..\..\..\..\..\TPA_MigrationScripts\Parent_MigrationScripts\LoanPurpose_Lib.sql = ..\..\..\..\..\TPA_MigrationScripts\Parent_MigrationScripts\LoanPurpose_Lib.sql
		..\..\..\..\..\TPA_MigrationScripts\Parent_MigrationScripts\LoanPurposeType.sql = ..\..\..\..\..\TPA_MigrationScripts\Parent_MigrationScripts\LoanPurposeType.sql
		..\..\..\..\..\TPA_MigrationScripts\Parent_MigrationScripts\LoanRefinanceCharge.sql = ..\..\..\..\..\TPA_MigrationScripts\Parent_MigrationScripts\LoanRefinanceCharge.sql
		..\..\..\..\..\TPA_MigrationScripts\Parent_MigrationScripts\LoanTaxCode1099_Lib.sql = ..\..\..\..\..\TPA_MigrationScripts\Parent_MigrationScripts\LoanTaxCode1099_Lib.sql
		..\..\..\..\..\TPA_MigrationScripts\Parent_MigrationScripts\ManditoryAutoRolloverProvisions_Lib.sql = ..\..\..\..\..\TPA_MigrationScripts\Parent_MigrationScripts\ManditoryAutoRolloverProvisions_Lib.sql
		..\..\..\..\..\TPA_MigrationScripts\Parent_MigrationScripts\ManditoryCashOutProvisions_Lib.sql = ..\..\..\..\..\TPA_MigrationScripts\Parent_MigrationScripts\ManditoryCashOutProvisions_Lib.sql
		..\..\..\..\..\TPA_MigrationScripts\Parent_MigrationScripts\MatchPeriodType.sql = ..\..\..\..\..\TPA_MigrationScripts\Parent_MigrationScripts\MatchPeriodType.sql
		..\..\..\..\..\TPA_MigrationScripts\Parent_MigrationScripts\MatchType.sql = ..\..\..\..\..\TPA_MigrationScripts\Parent_MigrationScripts\MatchType.sql
		..\..\..\..\..\TPA_MigrationScripts\Parent_MigrationScripts\MortalityType.sql = ..\..\..\..\..\TPA_MigrationScripts\Parent_MigrationScripts\MortalityType.sql
		..\..\..\..\..\TPA_MigrationScripts\Parent_MigrationScripts\NoQBSReason_Lib.sql = ..\..\..\..\..\TPA_MigrationScripts\Parent_MigrationScripts\NoQBSReason_Lib.sql
		..\..\..\..\..\TPA_MigrationScripts\Parent_MigrationScripts\NormalFormOfBenefit_Lib.sql = ..\..\..\..\..\TPA_MigrationScripts\Parent_MigrationScripts\NormalFormOfBenefit_Lib.sql
		..\..\..\..\..\TPA_MigrationScripts\Parent_MigrationScripts\NormalRetirementAge_Lib.sql = ..\..\..\..\..\TPA_MigrationScripts\Parent_MigrationScripts\NormalRetirementAge_Lib.sql
		..\..\..\..\..\TPA_MigrationScripts\Parent_MigrationScripts\NormalRetirementDate_Lib.sql = ..\..\..\..\..\TPA_MigrationScripts\Parent_MigrationScripts\NormalRetirementDate_Lib.sql
		..\..\..\..\..\TPA_MigrationScripts\Parent_MigrationScripts\NormRetireDate_Type.sql = ..\..\..\..\..\TPA_MigrationScripts\Parent_MigrationScripts\NormRetireDate_Type.sql
		..\..\..\..\..\TPA_MigrationScripts\Parent_MigrationScripts\NormRetireDateNear_Type.sql = ..\..\..\..\..\TPA_MigrationScripts\Parent_MigrationScripts\NormRetireDateNear_Type.sql
		..\..\..\..\..\TPA_MigrationScripts\Parent_MigrationScripts\NormRetireDateUM_Type.sql = ..\..\..\..\..\TPA_MigrationScripts\Parent_MigrationScripts\NormRetireDateUM_Type.sql
		..\..\..\..\..\TPA_MigrationScripts\Parent_MigrationScripts\NormRetireForm_Type.sql = ..\..\..\..\..\TPA_MigrationScripts\Parent_MigrationScripts\NormRetireForm_Type.sql
		..\..\..\..\..\TPA_MigrationScripts\Parent_MigrationScripts\NumberAllowed_Lib.sql = ..\..\..\..\..\TPA_MigrationScripts\Parent_MigrationScripts\NumberAllowed_Lib.sql
		..\..\..\..\..\TPA_MigrationScripts\Parent_MigrationScripts\PayrollFrequency_Lib.sql = ..\..\..\..\..\TPA_MigrationScripts\Parent_MigrationScripts\PayrollFrequency_Lib.sql
		..\..\..\..\..\TPA_MigrationScripts\Parent_MigrationScripts\PayrollProvider.sql = ..\..\..\..\..\TPA_MigrationScripts\Parent_MigrationScripts\PayrollProvider.sql
		..\..\..\..\..\TPA_MigrationScripts\Parent_MigrationScripts\PlanParticipantType_Lib.sql = ..\..\..\..\..\TPA_MigrationScripts\Parent_MigrationScripts\PlanParticipantType_Lib.sql
		..\..\..\..\..\TPA_MigrationScripts\Parent_MigrationScripts\Portal_DocMaintainedBy.sql = ..\..\..\..\..\TPA_MigrationScripts\Parent_MigrationScripts\Portal_DocMaintainedBy.sql
		..\..\..\..\..\TPA_MigrationScripts\Parent_MigrationScripts\Portal_NewTPAFirm.sql = ..\..\..\..\..\TPA_MigrationScripts\Parent_MigrationScripts\Portal_NewTPAFirm.sql
		..\..\..\..\..\TPA_MigrationScripts\Parent_MigrationScripts\Portal_ReasonForDeparture.sql = ..\..\..\..\..\TPA_MigrationScripts\Parent_MigrationScripts\Portal_ReasonForDeparture.sql
		..\..\..\..\..\TPA_MigrationScripts\Parent_MigrationScripts\Portal_TakeOverFrom.sql = ..\..\..\..\..\TPA_MigrationScripts\Parent_MigrationScripts\Portal_TakeOverFrom.sql
		..\..\..\..\..\TPA_MigrationScripts\Parent_MigrationScripts\PricingGroupsLib.sql = ..\..\..\..\..\TPA_MigrationScripts\Parent_MigrationScripts\PricingGroupsLib.sql
		..\..\..\..\..\TPA_MigrationScripts\Parent_MigrationScripts\PricingPlanRestrictions.sql = ..\..\..\..\..\TPA_MigrationScripts\Parent_MigrationScripts\PricingPlanRestrictions.sql
		..\..\..\..\..\TPA_MigrationScripts\Parent_MigrationScripts\PricingScriptRestrictions.sql = ..\..\..\..\..\TPA_MigrationScripts\Parent_MigrationScripts\PricingScriptRestrictions.sql
		..\..\..\..\..\TPA_MigrationScripts\Parent_MigrationScripts\PricingUnitOfMeasure.sql = ..\..\..\..\..\TPA_MigrationScripts\Parent_MigrationScripts\PricingUnitOfMeasure.sql
		..\..\..\..\..\TPA_MigrationScripts\Parent_MigrationScripts\ProfitSharingAllocationType.sql = ..\..\..\..\..\TPA_MigrationScripts\Parent_MigrationScripts\ProfitSharingAllocationType.sql
		..\..\..\..\..\TPA_MigrationScripts\Parent_MigrationScripts\ProfitSharingClasses.sql = ..\..\..\..\..\TPA_MigrationScripts\Parent_MigrationScripts\ProfitSharingClasses.sql
		..\..\..\..\..\TPA_MigrationScripts\Parent_MigrationScripts\PurposeOfLoan_Lib.sql = ..\..\..\..\..\TPA_MigrationScripts\Parent_MigrationScripts\PurposeOfLoan_Lib.sql
		..\..\..\..\..\TPA_MigrationScripts\Parent_MigrationScripts\Questionnaire_Group.sql = ..\..\..\..\..\TPA_MigrationScripts\Parent_MigrationScripts\Questionnaire_Group.sql
		..\..\..\..\..\TPA_MigrationScripts\Parent_MigrationScripts\ReasonForDistribution_Lib.sql = ..\..\..\..\..\TPA_MigrationScripts\Parent_MigrationScripts\ReasonForDistribution_Lib.sql
		..\..\..\..\..\TPA_MigrationScripts\Parent_MigrationScripts\RecordKeeper_Type.sql = ..\..\..\..\..\TPA_MigrationScripts\Parent_MigrationScripts\RecordKeeper_Type.sql
		..\..\..\..\..\TPA_MigrationScripts\Parent_MigrationScripts\RefinanceFee_Lib.sql = ..\..\..\..\..\TPA_MigrationScripts\Parent_MigrationScripts\RefinanceFee_Lib.sql
		..\..\..\..\..\TPA_MigrationScripts\Parent_MigrationScripts\Refund_Type_Lib.sql = ..\..\..\..\..\TPA_MigrationScripts\Parent_MigrationScripts\Refund_Type_Lib.sql
		..\..\..\..\..\TPA_MigrationScripts\Parent_MigrationScripts\ServiceSchedule_Lib.sql = ..\..\..\..\..\TPA_MigrationScripts\Parent_MigrationScripts\ServiceSchedule_Lib.sql
		..\..\..\..\..\TPA_MigrationScripts\Parent_MigrationScripts\ServiceUM_Type.sql = ..\..\..\..\..\TPA_MigrationScripts\Parent_MigrationScripts\ServiceUM_Type.sql
		..\..\..\..\..\TPA_MigrationScripts\Parent_MigrationScripts\SourceHierarchy_Lib.sql = ..\..\..\..\..\TPA_MigrationScripts\Parent_MigrationScripts\SourceHierarchy_Lib.sql
		..\..\..\..\..\TPA_MigrationScripts\Parent_MigrationScripts\SourcesAvailable_Lib.sql = ..\..\..\..\..\TPA_MigrationScripts\Parent_MigrationScripts\SourcesAvailable_Lib.sql
		..\..\..\..\..\TPA_MigrationScripts\Parent_MigrationScripts\TaskList_Categories.sql = ..\..\..\..\..\TPA_MigrationScripts\Parent_MigrationScripts\TaskList_Categories.sql
		..\..\..\..\..\TPA_MigrationScripts\Parent_MigrationScripts\TaxIDToUse_Lib.sql = ..\..\..\..\..\TPA_MigrationScripts\Parent_MigrationScripts\TaxIDToUse_Lib.sql
		..\..\..\..\..\TPA_MigrationScripts\Parent_MigrationScripts\TemplateDoc.sql = ..\..\..\..\..\TPA_MigrationScripts\Parent_MigrationScripts\TemplateDoc.sql
		..\..\..\..\..\TPA_MigrationScripts\Parent_MigrationScripts\TemplateEmail.sql = ..\..\..\..\..\TPA_MigrationScripts\Parent_MigrationScripts\TemplateEmail.sql
		..\..\..\..\..\TPA_MigrationScripts\Parent_MigrationScripts\TermsOfTermination_Lib.sql = ..\..\..\..\..\TPA_MigrationScripts\Parent_MigrationScripts\TermsOfTermination_Lib.sql
		..\..\..\..\..\TPA_MigrationScripts\Parent_MigrationScripts\Testing_Status_Type.sql = ..\..\..\..\..\TPA_MigrationScripts\Parent_MigrationScripts\Testing_Status_Type.sql
		..\..\..\..\..\TPA_MigrationScripts\Parent_MigrationScripts\VestingAcceleration_Lib.sql = ..\..\..\..\..\TPA_MigrationScripts\Parent_MigrationScripts\VestingAcceleration_Lib.sql
		..\..\..\..\..\TPA_MigrationScripts\Parent_MigrationScripts\VestingExclusions_Lib.sql = ..\..\..\..\..\TPA_MigrationScripts\Parent_MigrationScripts\VestingExclusions_Lib.sql
		..\..\..\..\..\TPA_MigrationScripts\Parent_MigrationScripts\VestingSource_Lib.sql = ..\..\..\..\..\TPA_MigrationScripts\Parent_MigrationScripts\VestingSource_Lib.sql
		..\..\..\..\..\TPA_MigrationScripts\Parent_MigrationScripts\WhoPaysFee_Lib.sql = ..\..\..\..\..\TPA_MigrationScripts\Parent_MigrationScripts\WhoPaysFee_Lib.sql
		..\..\..\..\..\TPA_MigrationScripts\Parent_MigrationScripts\WhoRemitsWithholding_Lib.sql = ..\..\..\..\..\TPA_MigrationScripts\Parent_MigrationScripts\WhoRemitsWithholding_Lib.sql
		..\..\..\..\..\TPA_MigrationScripts\Parent_MigrationScripts\YearEndNoteCategory.sql = ..\..\..\..\..\TPA_MigrationScripts\Parent_MigrationScripts\YearEndNoteCategory.sql
		..\..\..\..\..\TPA_MigrationScripts\Parent_MigrationScripts\YearsRequirement_Lib.sql = ..\..\..\..\..\TPA_MigrationScripts\Parent_MigrationScripts\YearsRequirement_Lib.sql
	EndProjectSection
EndProject
Project("{2150E333-8FDC-42A3-9474-1A3956D46DE8}") = "Parent_CleanupScripts", "Parent_CleanupScripts", "{B54365C5-3512-4C1D-88FC-CFEADC37BF22}"
	ProjectSection(SolutionItems) = preProject
		..\..\..\..\..\TPA_MigrationScripts\Parent_CleanupScripts\BondingCo_Lib.sql = ..\..\..\..\..\TPA_MigrationScripts\Parent_CleanupScripts\BondingCo_Lib.sql
		..\..\..\..\..\TPA_MigrationScripts\Parent_CleanupScripts\InvestmentPlatforms_Lib_Cleanup.sql = ..\..\..\..\..\TPA_MigrationScripts\Parent_CleanupScripts\InvestmentPlatforms_Lib_Cleanup.sql
		..\..\..\..\..\TPA_MigrationScripts\Parent_CleanupScripts\PayrollProvider_Cleanup.sql = ..\..\..\..\..\TPA_MigrationScripts\Parent_CleanupScripts\PayrollProvider_Cleanup.sql
		..\..\..\..\..\TPA_MigrationScripts\Parent_CleanupScripts\Portal_DocMaintainedBy.sql = ..\..\..\..\..\TPA_MigrationScripts\Parent_CleanupScripts\Portal_DocMaintainedBy.sql
		..\..\..\..\..\TPA_MigrationScripts\Parent_CleanupScripts\Portal_NewTPAFirm_Cleanup.sql = ..\..\..\..\..\TPA_MigrationScripts\Parent_CleanupScripts\Portal_NewTPAFirm_Cleanup.sql
		..\..\..\..\..\TPA_MigrationScripts\Parent_CleanupScripts\Portal_ReasonForDeparture.sql = ..\..\..\..\..\TPA_MigrationScripts\Parent_CleanupScripts\Portal_ReasonForDeparture.sql
		..\..\..\..\..\TPA_MigrationScripts\Parent_CleanupScripts\Portal_TakeOverFrom_Cleanup.sql = ..\..\..\..\..\TPA_MigrationScripts\Parent_CleanupScripts\Portal_TakeOverFrom_Cleanup.sql
	EndProjectSection
EndProject
Project("{2150E333-8FDC-42A3-9474-1A3956D46DE8}") = "Child_MigrationScripts", "Child_MigrationScripts", "{E73141EA-EDE7-4D9C-B0BC-51618E3B870F}"
	ProjectSection(SolutionItems) = preProject
		..\..\..\..\..\TPA_MigrationScripts\Child_MigrationScripts\Activities.sql = ..\..\..\..\..\TPA_MigrationScripts\Child_MigrationScripts\Activities.sql
		..\..\..\..\..\TPA_MigrationScripts\Child_MigrationScripts\Address.sql = ..\..\..\..\..\TPA_MigrationScripts\Child_MigrationScripts\Address.sql
		..\..\..\..\..\TPA_MigrationScripts\Child_MigrationScripts\AdHocTodo.sql = ..\..\..\..\..\TPA_MigrationScripts\Child_MigrationScripts\AdHocTodo.sql
		..\..\..\..\..\TPA_MigrationScripts\Child_MigrationScripts\Advisor.sql = ..\..\..\..\..\TPA_MigrationScripts\Child_MigrationScripts\Advisor.sql
		..\..\..\..\..\TPA_MigrationScripts\Child_MigrationScripts\Advisor_Client_Link.sql = ..\..\..\..\..\TPA_MigrationScripts\Child_MigrationScripts\Advisor_Client_Link.sql
		..\..\..\..\..\TPA_MigrationScripts\Child_MigrationScripts\AdvisorFirms.sql = ..\..\..\..\..\TPA_MigrationScripts\Child_MigrationScripts\AdvisorFirms.sql
		..\..\..\..\..\TPA_MigrationScripts\Child_MigrationScripts\AssetTracking.sql = ..\..\..\..\..\TPA_MigrationScripts\Child_MigrationScripts\AssetTracking.sql
		..\..\..\..\..\TPA_MigrationScripts\Child_MigrationScripts\Client_Master.sql = ..\..\..\..\..\TPA_MigrationScripts\Child_MigrationScripts\Client_Master.sql
		..\..\..\..\..\TPA_MigrationScripts\Child_MigrationScripts\CnAPacketInfo.sql = ..\..\..\..\..\TPA_MigrationScripts\Child_MigrationScripts\CnAPacketInfo.sql
		..\..\..\..\..\TPA_MigrationScripts\Child_MigrationScripts\Comm_Log.sql = ..\..\..\..\..\TPA_MigrationScripts\Child_MigrationScripts\Comm_Log.sql
		..\..\..\..\..\TPA_MigrationScripts\Child_MigrationScripts\ComplianceQuestionGroup.sql = ..\..\..\..\..\TPA_MigrationScripts\Child_MigrationScripts\ComplianceQuestionGroup.sql
		..\..\..\..\..\TPA_MigrationScripts\Child_MigrationScripts\ComplianceQuestions.sql = ..\..\..\..\..\TPA_MigrationScripts\Child_MigrationScripts\ComplianceQuestions.sql
		..\..\..\..\..\TPA_MigrationScripts\Child_MigrationScripts\Contact_Method.sql = ..\..\..\..\..\TPA_MigrationScripts\Child_MigrationScripts\Contact_Method.sql
		..\..\..\..\..\TPA_MigrationScripts\Child_MigrationScripts\Contacts.sql = ..\..\..\..\..\TPA_MigrationScripts\Child_MigrationScripts\Contacts.sql
		..\..\..\..\..\TPA_MigrationScripts\Child_MigrationScripts\DocTrackTicket.sql = ..\..\..\..\..\TPA_MigrationScripts\Child_MigrationScripts\DocTrackTicket.sql
		..\..\..\..\..\TPA_MigrationScripts\Child_MigrationScripts\Documents.sql = ..\..\..\..\..\TPA_MigrationScripts\Child_MigrationScripts\Documents.sql
		..\..\..\..\..\TPA_MigrationScripts\Child_MigrationScripts\Documents_Cluster.sql = ..\..\..\..\..\TPA_MigrationScripts\Child_MigrationScripts\Documents_Cluster.sql
		..\..\..\..\..\TPA_MigrationScripts\Child_MigrationScripts\EmailPlanReview_Lib.sql = ..\..\..\..\..\TPA_MigrationScripts\Child_MigrationScripts\EmailPlanReview_Lib.sql
		..\..\..\..\..\TPA_MigrationScripts\Child_MigrationScripts\EmailRecord.sql = ..\..\..\..\..\TPA_MigrationScripts\Child_MigrationScripts\EmailRecord.sql
		..\..\..\..\..\TPA_MigrationScripts\Child_MigrationScripts\MarketValuationTracking.sql = ..\..\..\..\..\TPA_MigrationScripts\Child_MigrationScripts\MarketValuationTracking.sql
		..\..\..\..\..\TPA_MigrationScripts\Child_MigrationScripts\MonthlyStatement.sql = ..\..\..\..\..\TPA_MigrationScripts\Child_MigrationScripts\MonthlyStatement.sql
		..\..\..\..\..\TPA_MigrationScripts\Child_MigrationScripts\Notes.sql = ..\..\..\..\..\TPA_MigrationScripts\Child_MigrationScripts\Notes.sql
		..\..\..\..\..\TPA_MigrationScripts\Child_MigrationScripts\ParticipantFeeDisclosure.sql = ..\..\..\..\..\TPA_MigrationScripts\Child_MigrationScripts\ParticipantFeeDisclosure.sql
		..\..\..\..\..\TPA_MigrationScripts\Child_MigrationScripts\PlanExpiringFormulaDocuments.sql = ..\..\..\..\..\TPA_MigrationScripts\Child_MigrationScripts\PlanExpiringFormulaDocuments.sql
		..\..\..\..\..\TPA_MigrationScripts\Child_MigrationScripts\Plans.sql = ..\..\..\..\..\TPA_MigrationScripts\Child_MigrationScripts\Plans.sql
		..\..\..\..\..\TPA_MigrationScripts\Child_MigrationScripts\Plans_YearToYear.sql = ..\..\..\..\..\TPA_MigrationScripts\Child_MigrationScripts\Plans_YearToYear.sql
		..\..\..\..\..\TPA_MigrationScripts\Child_MigrationScripts\PlanYearEnd.sql = ..\..\..\..\..\TPA_MigrationScripts\Child_MigrationScripts\PlanYearEnd.sql
		..\..\..\..\..\TPA_MigrationScripts\Child_MigrationScripts\PlanYearMilestone.sql = ..\..\..\..\..\TPA_MigrationScripts\Child_MigrationScripts\PlanYearMilestone.sql
		..\..\..\..\..\TPA_MigrationScripts\Child_MigrationScripts\Portal_AdditionalServicesHistory.sql = ..\..\..\..\..\TPA_MigrationScripts\Child_MigrationScripts\Portal_AdditionalServicesHistory.sql
		..\..\..\..\..\TPA_MigrationScripts\Child_MigrationScripts\Portal_AdvisorNotes.sql = ..\..\..\..\..\TPA_MigrationScripts\Child_MigrationScripts\Portal_AdvisorNotes.sql
		..\..\..\..\..\TPA_MigrationScripts\Child_MigrationScripts\Portal_ChangeRequest.sql = ..\..\..\..\..\TPA_MigrationScripts\Child_MigrationScripts\Portal_ChangeRequest.sql
		..\..\..\..\..\TPA_MigrationScripts\Child_MigrationScripts\Portal_ClientContactType.sql = ..\..\..\..\..\TPA_MigrationScripts\Child_MigrationScripts\Portal_ClientContactType.sql
		..\..\..\..\..\TPA_MigrationScripts\Child_MigrationScripts\Portal_ClientUpdateInfo.sql = ..\..\..\..\..\TPA_MigrationScripts\Child_MigrationScripts\Portal_ClientUpdateInfo.sql
		..\..\..\..\..\TPA_MigrationScripts\Child_MigrationScripts\Portal_CommLogContactAdvisor.sql = ..\..\..\..\..\TPA_MigrationScripts\Child_MigrationScripts\Portal_CommLogContactAdvisor.sql
		..\..\..\..\..\TPA_MigrationScripts\Child_MigrationScripts\Portal_ConfirmationOfContribution.sql = ..\..\..\..\..\TPA_MigrationScripts\Child_MigrationScripts\Portal_ConfirmationOfContribution.sql
		..\..\..\..\..\TPA_MigrationScripts\Child_MigrationScripts\Portal_ContributionDepositDetails.sql = ..\..\..\..\..\TPA_MigrationScripts\Child_MigrationScripts\Portal_ContributionDepositDetails.sql
		..\..\..\..\..\TPA_MigrationScripts\Child_MigrationScripts\Portal_DocumentDetails.sql = ..\..\..\..\..\TPA_MigrationScripts\Child_MigrationScripts\Portal_DocumentDetails.sql
		..\..\..\..\..\TPA_MigrationScripts\Child_MigrationScripts\Portal_DocumentTaskEvents.sql = ..\..\..\..\..\TPA_MigrationScripts\Child_MigrationScripts\Portal_DocumentTaskEvents.sql
		..\..\..\..\..\TPA_MigrationScripts\Child_MigrationScripts\Portal_DocumentTemplateMapping.sql = ..\..\..\..\..\TPA_MigrationScripts\Child_MigrationScripts\Portal_DocumentTemplateMapping.sql
		..\..\..\..\..\TPA_MigrationScripts\Child_MigrationScripts\Portal_DocumentTemplates.sql = ..\..\..\..\..\TPA_MigrationScripts\Child_MigrationScripts\Portal_DocumentTemplates.sql
		..\..\..\..\..\TPA_MigrationScripts\Child_MigrationScripts\Portal_DocumentTracking.sql = ..\..\..\..\..\TPA_MigrationScripts\Child_MigrationScripts\Portal_DocumentTracking.sql
		..\..\..\..\..\TPA_MigrationScripts\Child_MigrationScripts\Portal_InfoGatheredTriggers.sql = ..\..\..\..\..\TPA_MigrationScripts\Child_MigrationScripts\Portal_InfoGatheredTriggers.sql
		..\..\..\..\..\TPA_MigrationScripts\Child_MigrationScripts\Portal_OptionalOwnership.sql = ..\..\..\..\..\TPA_MigrationScripts\Child_MigrationScripts\Portal_OptionalOwnership.sql
		..\..\..\..\..\TPA_MigrationScripts\Child_MigrationScripts\Portal_OwnershipConfirmationTimestamp.sql = ..\..\..\..\..\TPA_MigrationScripts\Child_MigrationScripts\Portal_OwnershipConfirmationTimestamp.sql
		..\..\..\..\..\TPA_MigrationScripts\Child_MigrationScripts\Portal_Permissions.sql = ..\..\..\..\..\TPA_MigrationScripts\Child_MigrationScripts\Portal_Permissions.sql
		..\..\..\..\..\TPA_MigrationScripts\Child_MigrationScripts\Portal_PlanQuestionnarieAnswers.sql = ..\..\..\..\..\TPA_MigrationScripts\Child_MigrationScripts\Portal_PlanQuestionnarieAnswers.sql
		..\..\..\..\..\TPA_MigrationScripts\Child_MigrationScripts\Portal_PlanSubQuestionnarieAnswers.sql = ..\..\..\..\..\TPA_MigrationScripts\Child_MigrationScripts\Portal_PlanSubQuestionnarieAnswers.sql
		..\..\..\..\..\TPA_MigrationScripts\Child_MigrationScripts\Portal_ProgressBarStat.sql = ..\..\..\..\..\TPA_MigrationScripts\Child_MigrationScripts\Portal_ProgressBarStat.sql
		..\..\..\..\..\TPA_MigrationScripts\Child_MigrationScripts\Portal_ReopenDocumentTask.sql = ..\..\..\..\..\TPA_MigrationScripts\Child_MigrationScripts\Portal_ReopenDocumentTask.sql
		..\..\..\..\..\TPA_MigrationScripts\Child_MigrationScripts\Portal_ReportingElement.sql = ..\..\..\..\..\TPA_MigrationScripts\Child_MigrationScripts\Portal_ReportingElement.sql
		..\..\..\..\..\TPA_MigrationScripts\Child_MigrationScripts\Portal_ReportingElementList.sql = ..\..\..\..\..\TPA_MigrationScripts\Child_MigrationScripts\Portal_ReportingElementList.sql
		..\..\..\..\..\TPA_MigrationScripts\Child_MigrationScripts\Portal_Roles.sql = ..\..\..\..\..\TPA_MigrationScripts\Child_MigrationScripts\Portal_Roles.sql
		..\..\..\..\..\TPA_MigrationScripts\Child_MigrationScripts\Portal_Timeline.sql = ..\..\..\..\..\TPA_MigrationScripts\Child_MigrationScripts\Portal_Timeline.sql
		..\..\..\..\..\TPA_MigrationScripts\Child_MigrationScripts\Portal_TimeZone.sql = ..\..\..\..\..\TPA_MigrationScripts\Child_MigrationScripts\Portal_TimeZone.sql
		..\..\..\..\..\TPA_MigrationScripts\Child_MigrationScripts\Portal_ToDoAssigneeHistory.sql = ..\..\..\..\..\TPA_MigrationScripts\Child_MigrationScripts\Portal_ToDoAssigneeHistory.sql
		..\..\..\..\..\TPA_MigrationScripts\Child_MigrationScripts\Portal_TPAFilters.sql = ..\..\..\..\..\TPA_MigrationScripts\Child_MigrationScripts\Portal_TPAFilters.sql
		..\..\..\..\..\TPA_MigrationScripts\Child_MigrationScripts\Portal_TpaRoleSubsectionItems.sql = ..\..\..\..\..\TPA_MigrationScripts\Child_MigrationScripts\Portal_TpaRoleSubsectionItems.sql
		..\..\..\..\..\TPA_MigrationScripts\Child_MigrationScripts\Portal_UserClientContact.sql = ..\..\..\..\..\TPA_MigrationScripts\Child_MigrationScripts\Portal_UserClientContact.sql
		..\..\..\..\..\TPA_MigrationScripts\Child_MigrationScripts\Portal_UserSignatures.sql = ..\..\..\..\..\TPA_MigrationScripts\Child_MigrationScripts\Portal_UserSignatures.sql
		..\..\..\..\..\TPA_MigrationScripts\Child_MigrationScripts\PortalDefaults_GridState.sql = ..\..\..\..\..\TPA_MigrationScripts\Child_MigrationScripts\PortalDefaults_GridState.sql
		..\..\..\..\..\TPA_MigrationScripts\Child_MigrationScripts\PortalWorkflow_EmailNotice.sql = ..\..\..\..\..\TPA_MigrationScripts\Child_MigrationScripts\PortalWorkflow_EmailNotice.sql
		..\..\..\..\..\TPA_MigrationScripts\Child_MigrationScripts\PortalWorkflow_MilestoneProcessLink.sql = ..\..\..\..\..\TPA_MigrationScripts\Child_MigrationScripts\PortalWorkflow_MilestoneProcessLink.sql
		..\..\..\..\..\TPA_MigrationScripts\Child_MigrationScripts\PortalWorkflow_MilestonesLibrary.sql = ..\..\..\..\..\TPA_MigrationScripts\Child_MigrationScripts\PortalWorkflow_MilestonesLibrary.sql
		..\..\..\..\..\TPA_MigrationScripts\Child_MigrationScripts\PortalWorkflow_Notes.sql = ..\..\..\..\..\TPA_MigrationScripts\Child_MigrationScripts\PortalWorkflow_Notes.sql
		..\..\..\..\..\TPA_MigrationScripts\Child_MigrationScripts\PortalWorkflow_ProcessLibrary.sql = ..\..\..\..\..\TPA_MigrationScripts\Child_MigrationScripts\PortalWorkflow_ProcessLibrary.sql
		..\..\..\..\..\TPA_MigrationScripts\Child_MigrationScripts\PortalWorkflow_StatusBoardHistory.sql = ..\..\..\..\..\TPA_MigrationScripts\Child_MigrationScripts\PortalWorkflow_StatusBoardHistory.sql
		..\..\..\..\..\TPA_MigrationScripts\Child_MigrationScripts\PortalWorkflow_TasksLibrary.sql = ..\..\..\..\..\TPA_MigrationScripts\Child_MigrationScripts\PortalWorkflow_TasksLibrary.sql
		..\..\..\..\..\TPA_MigrationScripts\Child_MigrationScripts\PortalWorkflow_ToDo.sql = ..\..\..\..\..\TPA_MigrationScripts\Child_MigrationScripts\PortalWorkflow_ToDo.sql
		..\..\..\..\..\TPA_MigrationScripts\Child_MigrationScripts\PortalWorkflow_Triggers.sql = ..\..\..\..\..\TPA_MigrationScripts\Child_MigrationScripts\PortalWorkflow_Triggers.sql
		..\..\..\..\..\TPA_MigrationScripts\Child_MigrationScripts\PortalWorkflow_Workflow.sql = ..\..\..\..\..\TPA_MigrationScripts\Child_MigrationScripts\PortalWorkflow_Workflow.sql
		..\..\..\..\..\TPA_MigrationScripts\Child_MigrationScripts\PortalWorkflow_WorkflowAppliedTo.sql = ..\..\..\..\..\TPA_MigrationScripts\Child_MigrationScripts\PortalWorkflow_WorkflowAppliedTo.sql
		..\..\..\..\..\TPA_MigrationScripts\Child_MigrationScripts\PortalWorkflow_WorkflowMilestoneLink.sql = ..\..\..\..\..\TPA_MigrationScripts\Child_MigrationScripts\PortalWorkflow_WorkflowMilestoneLink.sql
		..\..\..\..\..\TPA_MigrationScripts\Child_MigrationScripts\Pricing_Answers.sql = ..\..\..\..\..\TPA_MigrationScripts\Child_MigrationScripts\Pricing_Answers.sql
		..\..\..\..\..\TPA_MigrationScripts\Child_MigrationScripts\Pricing_Schedule.sql = ..\..\..\..\..\TPA_MigrationScripts\Child_MigrationScripts\Pricing_Schedule.sql
		..\..\..\..\..\TPA_MigrationScripts\Child_MigrationScripts\PricingDetails.sql = ..\..\..\..\..\TPA_MigrationScripts\Child_MigrationScripts\PricingDetails.sql
		..\..\..\..\..\TPA_MigrationScripts\Child_MigrationScripts\PricingElements.sql = ..\..\..\..\..\TPA_MigrationScripts\Child_MigrationScripts\PricingElements.sql
		..\..\..\..\..\TPA_MigrationScripts\Child_MigrationScripts\PricingHeader.sql = ..\..\..\..\..\TPA_MigrationScripts\Child_MigrationScripts\PricingHeader.sql
		..\..\..\..\..\TPA_MigrationScripts\Child_MigrationScripts\ProspectPlan.sql = ..\..\..\..\..\TPA_MigrationScripts\Child_MigrationScripts\ProspectPlan.sql
		..\..\..\..\..\TPA_MigrationScripts\Child_MigrationScripts\Question.sql = ..\..\..\..\..\TPA_MigrationScripts\Child_MigrationScripts\Question.sql
		..\..\..\..\..\TPA_MigrationScripts\Child_MigrationScripts\Questionnaire.sql = ..\..\..\..\..\TPA_MigrationScripts\Child_MigrationScripts\Questionnaire.sql
		..\..\..\..\..\TPA_MigrationScripts\Child_MigrationScripts\Recurrence.sql = ..\..\..\..\..\TPA_MigrationScripts\Child_MigrationScripts\Recurrence.sql
		..\..\..\..\..\TPA_MigrationScripts\Child_MigrationScripts\Relationships.sql = ..\..\..\..\..\TPA_MigrationScripts\Child_MigrationScripts\Relationships.sql
		..\..\..\..\..\TPA_MigrationScripts\Child_MigrationScripts\ScheduleATracking.sql = ..\..\..\..\..\TPA_MigrationScripts\Child_MigrationScripts\ScheduleATracking.sql
		..\..\..\..\..\TPA_MigrationScripts\Child_MigrationScripts\special_instructions.sql = ..\..\..\..\..\TPA_MigrationScripts\Child_MigrationScripts\special_instructions.sql
		..\..\..\..\..\TPA_MigrationScripts\Child_MigrationScripts\TaskList.sql = ..\..\..\..\..\TPA_MigrationScripts\Child_MigrationScripts\TaskList.sql
		..\..\..\..\..\TPA_MigrationScripts\Child_MigrationScripts\Testing_Tracking.sql = ..\..\..\..\..\TPA_MigrationScripts\Child_MigrationScripts\Testing_Tracking.sql
		..\..\..\..\..\TPA_MigrationScripts\Child_MigrationScripts\Testing_Type.sql = ..\..\..\..\..\TPA_MigrationScripts\Child_MigrationScripts\Testing_Type.sql
		..\..\..\..\..\TPA_MigrationScripts\Child_MigrationScripts\UserGroup.sql = ..\..\..\..\..\TPA_MigrationScripts\Child_MigrationScripts\UserGroup.sql
		..\..\..\..\..\TPA_MigrationScripts\Child_MigrationScripts\VestingSchedule.sql = ..\..\..\..\..\TPA_MigrationScripts\Child_MigrationScripts\VestingSchedule.sql
		..\..\..\..\..\TPA_MigrationScripts\Child_MigrationScripts\WaitingItem.sql = ..\..\..\..\..\TPA_MigrationScripts\Child_MigrationScripts\WaitingItem.sql
		..\..\..\..\..\TPA_MigrationScripts\Child_MigrationScripts\XChangeContact.sql = ..\..\..\..\..\TPA_MigrationScripts\Child_MigrationScripts\XChangeContact.sql
		..\..\..\..\..\TPA_MigrationScripts\Child_MigrationScripts\YearEndNotes.sql = ..\..\..\..\..\TPA_MigrationScripts\Child_MigrationScripts\YearEndNotes.sql
		..\..\..\..\..\TPA_MigrationScripts\Child_MigrationScripts\YearToYear.sql = ..\..\..\..\..\TPA_MigrationScripts\Child_MigrationScripts\YearToYear.sql
	EndProjectSection
EndProject
Global
	GlobalSection(SolutionConfigurationPlatforms) = preSolution
		Azure|Any CPU = Azure|Any CPU
		Debug|Any CPU = Debug|Any CPU
		Development|Any CPU = Development|Any CPU
		Release|Any CPU = Release|Any CPU
	EndGlobalSection
	GlobalSection(ProjectConfigurationPlatforms) = postSolution
		{1AFCCA46-2C22-4DEB-9E2F-583C7A442E78}.Azure|Any CPU.ActiveCfg = Azure
		{1AFCCA46-2C22-4DEB-9E2F-583C7A442E78}.Azure|Any CPU.Build.0 = Azure
		{1AFCCA46-2C22-4DEB-9E2F-583C7A442E78}.Debug|Any CPU.ActiveCfg = Development
		{1AFCCA46-2C22-4DEB-9E2F-583C7A442E78}.Debug|Any CPU.Build.0 = Development
		{1AFCCA46-2C22-4DEB-9E2F-583C7A442E78}.Development|Any CPU.ActiveCfg = Development
		{1AFCCA46-2C22-4DEB-9E2F-583C7A442E78}.Development|Any CPU.Build.0 = Development
		{1AFCCA46-2C22-4DEB-9E2F-583C7A442E78}.Release|Any CPU.ActiveCfg = Azure
		{1AFCCA46-2C22-4DEB-9E2F-583C7A442E78}.Release|Any CPU.Build.0 = Azure
	EndGlobalSection
	GlobalSection(SolutionProperties) = preSolution
		HideSolutionNode = FALSE
	EndGlobalSection
	GlobalSection(NestedProjects) = preSolution
		{6B27575B-22AA-426B-B5F9-7CEA76A4073F} = {73CFD643-F793-4095-BE6E-D355A800F92E}
		{B54365C5-3512-4C1D-88FC-CFEADC37BF22} = {73CFD643-F793-4095-BE6E-D355A800F92E}
		{E73141EA-EDE7-4D9C-B0BC-51618E3B870F} = {73CFD643-F793-4095-BE6E-D355A800F92E}
	EndGlobalSection
	GlobalSection(ExtensibilityGlobals) = postSolution
		SolutionGuid = {0469313C-4770-49E3-9471-BE0CF0DC5D35}
	EndGlobalSection
EndGlobal
